
Microsoft Visual Studio Solution File, Format Version 12.00
# Visual Studio Version 16
VisualStudioVersion = 16.0.28407.52
MinimumVisualStudioVersion = 10.0.40219.1
Project("{9A19103F-16F7-4668-BE54-9A1E7A4F7556}") = "GoogleClient", "GoogleClient\GoogleClient.csproj", "{7B1E2E0A-ECD2-43F4-B64C-3949679C4430}"
EndProject
Project("{FAE04EC0-301F-11D3-BF4B-00C04F79EFBC}") = "TestAPp.UWP", "TestAPp\TestAPp.UWP\TestAPp.UWP.csproj", "{382075D9-80B1-4D82-990D-F304F14F7C17}"
EndProject
Project("{FAE04EC0-301F-11D3-BF4B-00C04F79EFBC}") = "TestAPp.Android", "TestAPp\TestAPp.Android\TestAPp.Android.csproj", "{EEBF6448-7084-4FFE-8331-D3138AD1CDAE}"
EndProject
Project("{FAE04EC0-301F-11D3-BF4B-00C04F79EFBC}") = "TestAPp.iOS", "TestAPp\TestAPp.iOS\TestAPp.iOS.csproj", "{6F03A136-EB81-4F65-8443-228C0BECC1FD}"
EndProject
Project("{FAE04EC0-301F-11D3-BF4B-00C04F79EFBC}") = "TestAPp", "TestAPp\TestAPp\TestAPp.csproj", "{272CFBB9-9954-4643-A15E-6B606D9BB0AC}"
EndProject
Global
	GlobalSection(SolutionConfigurationPlatforms) = preSolution
		Ad-Hoc|Any CPU = Ad-Hoc|Any CPU
		Ad-Hoc|ARM = Ad-Hoc|ARM
		Ad-Hoc|iPhone = Ad-Hoc|iPhone
		Ad-Hoc|iPhoneSimulator = Ad-Hoc|iPhoneSimulator
		Ad-Hoc|x64 = Ad-Hoc|x64
		Ad-Hoc|x86 = Ad-Hoc|x86
		AppStore|Any CPU = AppStore|Any CPU
		AppStore|ARM = AppStore|ARM
		AppStore|iPhone = AppStore|iPhone
		AppStore|iPhoneSimulator = AppStore|iPhoneSimulator
		AppStore|x64 = AppStore|x64
		AppStore|x86 = AppStore|x86
		Debug|Any CPU = Debug|Any CPU
		Debug|ARM = Debug|ARM
		Debug|iPhone = Debug|iPhone
		Debug|iPhoneSimulator = Debug|iPhoneSimulator
		Debug|x64 = Debug|x64
		Debug|x86 = Debug|x86
		Release|Any CPU = Release|Any CPU
		Release|ARM = Release|ARM
		Release|iPhone = Release|iPhone
		Release|iPhoneSimulator = Release|iPhoneSimulator
		Release|x64 = Release|x64
		Release|x86 = Release|x86
	EndGlobalSection
	GlobalSection(ProjectConfigurationPlatforms) = postSolution
		{7B1E2E0A-ECD2-43F4-B64C-3949679C4430}.Ad-Hoc|Any CPU.ActiveCfg = Release|Any CPU
		{7B1E2E0A-ECD2-43F4-B64C-3949679C4430}.Ad-Hoc|Any CPU.Build.0 = Release|Any CPU
		{7B1E2E0A-ECD2-43F4-B64C-3949679C4430}.Ad-Hoc|ARM.ActiveCfg = Release|Any CPU
		{7B1E2E0A-ECD2-43F4-B64C-3949679C4430}.Ad-Hoc|ARM.Build.0 = Release|Any CPU
		{7B1E2E0A-ECD2-43F4-B64C-3949679C4430}.Ad-Hoc|iPhone.ActiveCfg = Release|Any CPU
		{7B1E2E0A-ECD2-43F4-B64C-3949679C4430}.Ad-Hoc|iPhone.Build.0 = Release|Any CPU
		{7B1E2E0A-ECD2-43F4-B64C-3949679C4430}.Ad-Hoc|iPhoneSimulator.ActiveCfg = Release|Any CPU
		{7B1E2E0A-ECD2-43F4-B64C-3949679C4430}.Ad-Hoc|iPhoneSimulator.Build.0 = Release|Any CPU
		{7B1E2E0A-ECD2-43F4-B64C-3949679C4430}.Ad-Hoc|x64.ActiveCfg = Release|Any CPU
		{7B1E2E0A-ECD2-43F4-B64C-3949679C4430}.Ad-Hoc|x64.Build.0 = Release|Any CPU
		{7B1E2E0A-ECD2-43F4-B64C-3949679C4430}.Ad-Hoc|x86.ActiveCfg = Release|Any CPU
		{7B1E2E0A-ECD2-43F4-B64C-3949679C4430}.Ad-Hoc|x86.Build.0 = Release|Any CPU
		{7B1E2E0A-ECD2-43F4-B64C-3949679C4430}.AppStore|Any CPU.ActiveCfg = Release|Any CPU
		{7B1E2E0A-ECD2-43F4-B64C-3949679C4430}.AppStore|Any CPU.Build.0 = Release|Any CPU
		{7B1E2E0A-ECD2-43F4-B64C-3949679C4430}.AppStore|ARM.ActiveCfg = Release|Any CPU
		{7B1E2E0A-ECD2-43F4-B64C-3949679C4430}.AppStore|ARM.Build.0 = Release|Any CPU
		{7B1E2E0A-ECD2-43F4-B64C-3949679C4430}.AppStore|iPhone.ActiveCfg = Release|Any CPU
		{7B1E2E0A-ECD2-43F4-B64C-3949679C4430}.AppStore|iPhone.Build.0 = Release|Any CPU
		{7B1E2E0A-ECD2-43F4-B64C-3949679C4430}.AppStore|iPhoneSimulator.ActiveCfg = Release|Any CPU
		{7B1E2E0A-ECD2-43F4-B64C-3949679C4430}.AppStore|iPhoneSimulator.Build.0 = Release|Any CPU
		{7B1E2E0A-ECD2-43F4-B64C-3949679C4430}.AppStore|x64.ActiveCfg = Release|Any CPU
		{7B1E2E0A-ECD2-43F4-B64C-3949679C4430}.AppStore|x64.Build.0 = Release|Any CPU
		{7B1E2E0A-ECD2-43F4-B64C-3949679C4430}.AppStore|x86.ActiveCfg = Release|Any CPU
		{7B1E2E0A-ECD2-43F4-B64C-3949679C4430}.AppStore|x86.Build.0 = Release|Any CPU
		{7B1E2E0A-ECD2-43F4-B64C-3949679C4430}.Debug|Any CPU.ActiveCfg = Debug|Any CPU
		{7B1E2E0A-ECD2-43F4-B64C-3949679C4430}.Debug|Any CPU.Build.0 = Debug|Any CPU
		{7B1E2E0A-ECD2-43F4-B64C-3949679C4430}.Debug|ARM.ActiveCfg = Debug|Any CPU
		{7B1E2E0A-ECD2-43F4-B64C-3949679C4430}.Debug|ARM.Build.0 = Debug|Any CPU
		{7B1E2E0A-ECD2-43F4-B64C-3949679C4430}.Debug|iPhone.ActiveCfg = Debug|Any CPU
		{7B1E2E0A-ECD2-43F4-B64C-3949679C4430}.Debug|iPhone.Build.0 = Debug|Any CPU
		{7B1E2E0A-ECD2-43F4-B64C-3949679C4430}.Debug|iPhoneSimulator.ActiveCfg = Debug|Any CPU
		{7B1E2E0A-ECD2-43F4-B64C-3949679C4430}.Debug|iPhoneSimulator.Build.0 = Debug|Any CPU
		{7B1E2E0A-ECD2-43F4-B64C-3949679C4430}.Debug|x64.ActiveCfg = Debug|Any CPU
		{7B1E2E0A-ECD2-43F4-B64C-3949679C4430}.Debug|x64.Build.0 = Debug|Any CPU
		{7B1E2E0A-ECD2-43F4-B64C-3949679C4430}.Debug|x86.ActiveCfg = Debug|Any CPU
		{7B1E2E0A-ECD2-43F4-B64C-3949679C4430}.Debug|x86.Build.0 = Debug|Any CPU
		{7B1E2E0A-ECD2-43F4-B64C-3949679C4430}.Release|Any CPU.ActiveCfg = Release|Any CPU
		{7B1E2E0A-ECD2-43F4-B64C-3949679C4430}.Release|Any CPU.Build.0 = Release|Any CPU
		{7B1E2E0A-ECD2-43F4-B64C-3949679C4430}.Release|ARM.ActiveCfg = Release|Any CPU
		{7B1E2E0A-ECD2-43F4-B64C-3949679C4430}.Release|ARM.Build.0 = Release|Any CPU
		{7B1E2E0A-ECD2-43F4-B64C-3949679C4430}.Release|iPhone.ActiveCfg = Release|Any CPU
		{7B1E2E0A-ECD2-43F4-B64C-3949679C4430}.Release|iPhone.Build.0 = Release|Any CPU
		{7B1E2E0A-ECD2-43F4-B64C-3949679C4430}.Release|iPhoneSimulator.ActiveCfg = Release|Any CPU
		{7B1E2E0A-ECD2-43F4-B64C-3949679C4430}.Release|iPhoneSimulator.Build.0 = Release|Any CPU
		{7B1E2E0A-ECD2-43F4-B64C-3949679C4430}.Release|x64.ActiveCfg = Release|Any CPU
		{7B1E2E0A-ECD2-43F4-B64C-3949679C4430}.Release|x64.Build.0 = Release|Any CPU
		{7B1E2E0A-ECD2-43F4-B64C-3949679C4430}.Release|x86.ActiveCfg = Release|Any CPU
		{7B1E2E0A-ECD2-43F4-B64C-3949679C4430}.Release|x86.Build.0 = Release|Any CPU
		{382075D9-80B1-4D82-990D-F304F14F7C17}.Ad-Hoc|Any CPU.ActiveCfg = Release|x86
		{382075D9-80B1-4D82-990D-F304F14F7C17}.Ad-Hoc|Any CPU.Build.0 = Release|x86
		{382075D9-80B1-4D82-990D-F304F14F7C17}.Ad-Hoc|Any CPU.Deploy.0 = Release|x86
		{382075D9-80B1-4D82-990D-F304F14F7C17}.Ad-Hoc|ARM.ActiveCfg = Release|ARM
		{382075D9-80B1-4D82-990D-F304F14F7C17}.Ad-Hoc|ARM.Build.0 = Release|ARM
		{382075D9-80B1-4D82-990D-F304F14F7C17}.Ad-Hoc|ARM.Deploy.0 = Release|ARM
		{382075D9-80B1-4D82-990D-F304F14F7C17}.Ad-Hoc|iPhone.ActiveCfg = Release|x86
		{382075D9-80B1-4D82-990D-F304F14F7C17}.Ad-Hoc|iPhone.Build.0 = Release|x86
		{382075D9-80B1-4D82-990D-F304F14F7C17}.Ad-Hoc|iPhone.Deploy.0 = Release|x86
		{382075D9-80B1-4D82-990D-F304F14F7C17}.Ad-Hoc|iPhoneSimulator.ActiveCfg = Release|x86
		{382075D9-80B1-4D82-990D-F304F14F7C17}.Ad-Hoc|iPhoneSimulator.Build.0 = Release|x86
		{382075D9-80B1-4D82-990D-F304F14F7C17}.Ad-Hoc|iPhoneSimulator.Deploy.0 = Release|x86
		{382075D9-80B1-4D82-990D-F304F14F7C17}.Ad-Hoc|x64.ActiveCfg = Release|x64
		{382075D9-80B1-4D82-990D-F304F14F7C17}.Ad-Hoc|x64.Build.0 = Release|x64
		{382075D9-80B1-4D82-990D-F304F14F7C17}.Ad-Hoc|x64.Deploy.0 = Release|x64
		{382075D9-80B1-4D82-990D-F304F14F7C17}.Ad-Hoc|x86.ActiveCfg = Release|x86
		{382075D9-80B1-4D82-990D-F304F14F7C17}.Ad-Hoc|x86.Build.0 = Release|x86
		{382075D9-80B1-4D82-990D-F304F14F7C17}.Ad-Hoc|x86.Deploy.0 = Release|x86
		{382075D9-80B1-4D82-990D-F304F14F7C17}.AppStore|Any CPU.ActiveCfg = Release|x86
		{382075D9-80B1-4D82-990D-F304F14F7C17}.AppStore|Any CPU.Build.0 = Release|x86
		{382075D9-80B1-4D82-990D-F304F14F7C17}.AppStore|Any CPU.Deploy.0 = Release|x86
		{382075D9-80B1-4D82-990D-F304F14F7C17}.AppStore|ARM.ActiveCfg = Release|ARM
		{382075D9-80B1-4D82-990D-F304F14F7C17}.AppStore|ARM.Build.0 = Release|ARM
		{382075D9-80B1-4D82-990D-F304F14F7C17}.AppStore|ARM.Deploy.0 = Release|ARM
		{382075D9-80B1-4D82-990D-F304F14F7C17}.AppStore|iPhone.ActiveCfg = Release|x86
		{382075D9-80B1-4D82-990D-F304F14F7C17}.AppStore|iPhone.Build.0 = Release|x86
		{382075D9-80B1-4D82-990D-F304F14F7C17}.AppStore|iPhone.Deploy.0 = Release|x86
		{382075D9-80B1-4D82-990D-F304F14F7C17}.AppStore|iPhoneSimulator.ActiveCfg = Release|x86
		{382075D9-80B1-4D82-990D-F304F14F7C17}.AppStore|iPhoneSimulator.Build.0 = Release|x86
		{382075D9-80B1-4D82-990D-F304F14F7C17}.AppStore|iPhoneSimulator.Deploy.0 = Release|x86
		{382075D9-80B1-4D82-990D-F304F14F7C17}.AppStore|x64.ActiveCfg = Release|x64
		{382075D9-80B1-4D82-990D-F304F14F7C17}.AppStore|x64.Build.0 = Release|x64
		{382075D9-80B1-4D82-990D-F304F14F7C17}.AppStore|x64.Deploy.0 = Release|x64
		{382075D9-80B1-4D82-990D-F304F14F7C17}.AppStore|x86.ActiveCfg = Release|x86
		{382075D9-80B1-4D82-990D-F304F14F7C17}.AppStore|x86.Build.0 = Release|x86
		{382075D9-80B1-4D82-990D-F304F14F7C17}.AppStore|x86.Deploy.0 = Release|x86
		{382075D9-80B1-4D82-990D-F304F14F7C17}.Debug|Any CPU.ActiveCfg = Debug|x86
		{382075D9-80B1-4D82-990D-F304F14F7C17}.Debug|ARM.ActiveCfg = Debug|ARM
		{382075D9-80B1-4D82-990D-F304F14F7C17}.Debug|ARM.Build.0 = Debug|ARM
		{382075D9-80B1-4D82-990D-F304F14F7C17}.Debug|ARM.Deploy.0 = Debug|ARM
		{382075D9-80B1-4D82-990D-F304F14F7C17}.Debug|iPhone.ActiveCfg = Debug|x86
		{382075D9-80B1-4D82-990D-F304F14F7C17}.Debug|iPhoneSimulator.ActiveCfg = Debug|x86
		{382075D9-80B1-4D82-990D-F304F14F7C17}.Debug|x64.ActiveCfg = Debug|x64
		{382075D9-80B1-4D82-990D-F304F14F7C17}.Debug|x64.Build.0 = Debug|x64
		{382075D9-80B1-4D82-990D-F304F14F7C17}.Debug|x64.Deploy.0 = Debug|x64
		{382075D9-80B1-4D82-990D-F304F14F7C17}.Debug|x86.ActiveCfg = Debug|x86
		{382075D9-80B1-4D82-990D-F304F14F7C17}.Debug|x86.Build.0 = Debug|x86
		{382075D9-80B1-4D82-990D-F304F14F7C17}.Debug|x86.Deploy.0 = Debug|x86
		{382075D9-80B1-4D82-990D-F304F14F7C17}.Release|Any CPU.ActiveCfg = Release|x86
		{382075D9-80B1-4D82-990D-F304F14F7C17}.Release|ARM.ActiveCfg = Release|ARM
		{382075D9-80B1-4D82-990D-F304F14F7C17}.Release|ARM.Build.0 = Release|ARM
		{382075D9-80B1-4D82-990D-F304F14F7C17}.Release|ARM.Deploy.0 = Release|ARM
		{382075D9-80B1-4D82-990D-F304F14F7C17}.Release|iPhone.ActiveCfg = Release|x86
		{382075D9-80B1-4D82-990D-F304F14F7C17}.Release|iPhoneSimulator.ActiveCfg = Release|x86
		{382075D9-80B1-4D82-990D-F304F14F7C17}.Release|x64.ActiveCfg = Release|x64
		{382075D9-80B1-4D82-990D-F304F14F7C17}.Release|x64.Build.0 = Release|x64
		{382075D9-80B1-4D82-990D-F304F14F7C17}.Release|x64.Deploy.0 = Release|x64
		{382075D9-80B1-4D82-990D-F304F14F7C17}.Release|x86.ActiveCfg = Release|x86
		{382075D9-80B1-4D82-990D-F304F14F7C17}.Release|x86.Build.0 = Release|x86
		{382075D9-80B1-4D82-990D-F304F14F7C17}.Release|x86.Deploy.0 = Release|x86
		{EEBF6448-7084-4FFE-8331-D3138AD1CDAE}.Ad-Hoc|Any CPU.ActiveCfg = Release|Any CPU
		{EEBF6448-7084-4FFE-8331-D3138AD1CDAE}.Ad-Hoc|Any CPU.Build.0 = Release|Any CPU
		{EEBF6448-7084-4FFE-8331-D3138AD1CDAE}.Ad-Hoc|Any CPU.Deploy.0 = Release|Any CPU
		{EEBF6448-7084-4FFE-8331-D3138AD1CDAE}.Ad-Hoc|ARM.ActiveCfg = Release|Any CPU
		{EEBF6448-7084-4FFE-8331-D3138AD1CDAE}.Ad-Hoc|ARM.Build.0 = Release|Any CPU
		{EEBF6448-7084-4FFE-8331-D3138AD1CDAE}.Ad-Hoc|ARM.Deploy.0 = Release|Any CPU
		{EEBF6448-7084-4FFE-8331-D3138AD1CDAE}.Ad-Hoc|iPhone.ActiveCfg = Release|Any CPU
		{EEBF6448-7084-4FFE-8331-D3138AD1CDAE}.Ad-Hoc|iPhone.Build.0 = Release|Any CPU
		{EEBF6448-7084-4FFE-8331-D3138AD1CDAE}.Ad-Hoc|iPhone.Deploy.0 = Release|Any CPU
		{EEBF6448-7084-4FFE-8331-D3138AD1CDAE}.Ad-Hoc|iPhoneSimulator.ActiveCfg = Release|Any CPU
		{EEBF6448-7084-4FFE-8331-D3138AD1CDAE}.Ad-Hoc|iPhoneSimulator.Build.0 = Release|Any CPU
		{EEBF6448-7084-4FFE-8331-D3138AD1CDAE}.Ad-Hoc|iPhoneSimulator.Deploy.0 = Release|Any CPU
		{EEBF6448-7084-4FFE-8331-D3138AD1CDAE}.Ad-Hoc|x64.ActiveCfg = Release|Any CPU
		{EEBF6448-7084-4FFE-8331-D3138AD1CDAE}.Ad-Hoc|x64.Build.0 = Release|Any CPU
		{EEBF6448-7084-4FFE-8331-D3138AD1CDAE}.Ad-Hoc|x64.Deploy.0 = Release|Any CPU
		{EEBF6448-7084-4FFE-8331-D3138AD1CDAE}.Ad-Hoc|x86.ActiveCfg = Release|Any CPU
		{EEBF6448-7084-4FFE-8331-D3138AD1CDAE}.Ad-Hoc|x86.Build.0 = Release|Any CPU
		{EEBF6448-7084-4FFE-8331-D3138AD1CDAE}.Ad-Hoc|x86.Deploy.0 = Release|Any CPU
		{EEBF6448-7084-4FFE-8331-D3138AD1CDAE}.AppStore|Any CPU.ActiveCfg = Release|Any CPU
		{EEBF6448-7084-4FFE-8331-D3138AD1CDAE}.AppStore|Any CPU.Build.0 = Release|Any CPU
		{EEBF6448-7084-4FFE-8331-D3138AD1CDAE}.AppStore|Any CPU.Deploy.0 = Release|Any CPU
		{EEBF6448-7084-4FFE-8331-D3138AD1CDAE}.AppStore|ARM.ActiveCfg = Release|Any CPU
		{EEBF6448-7084-4FFE-8331-D3138AD1CDAE}.AppStore|ARM.Build.0 = Release|Any CPU
		{EEBF6448-7084-4FFE-8331-D3138AD1CDAE}.AppStore|ARM.Deploy.0 = Release|Any CPU
		{EEBF6448-7084-4FFE-8331-D3138AD1CDAE}.AppStore|iPhone.ActiveCfg = Release|Any CPU
		{EEBF6448-7084-4FFE-8331-D3138AD1CDAE}.AppStore|iPhone.Build.0 = Release|Any CPU
		{EEBF6448-7084-4FFE-8331-D3138AD1CDAE}.AppStore|iPhone.Deploy.0 = Release|Any CPU
		{EEBF6448-7084-4FFE-8331-D3138AD1CDAE}.AppStore|iPhoneSimulator.ActiveCfg = Release|Any CPU
		{EEBF6448-7084-4FFE-8331-D3138AD1CDAE}.AppStore|iPhoneSimulator.Build.0 = Release|Any CPU
		{EEBF6448-7084-4FFE-8331-D3138AD1CDAE}.AppStore|iPhoneSimulator.Deploy.0 = Release|Any CPU
		{EEBF6448-7084-4FFE-8331-D3138AD1CDAE}.AppStore|x64.ActiveCfg = Release|Any CPU
		{EEBF6448-7084-4FFE-8331-D3138AD1CDAE}.AppStore|x64.Build.0 = Release|Any CPU
		{EEBF6448-7084-4FFE-8331-D3138AD1CDAE}.AppStore|x64.Deploy.0 = Release|Any CPU
		{EEBF6448-7084-4FFE-8331-D3138AD1CDAE}.AppStore|x86.ActiveCfg = Release|Any CPU
		{EEBF6448-7084-4FFE-8331-D3138AD1CDAE}.AppStore|x86.Build.0 = Release|Any CPU
		{EEBF6448-7084-4FFE-8331-D3138AD1CDAE}.AppStore|x86.Deploy.0 = Release|Any CPU
		{EEBF6448-7084-4FFE-8331-D3138AD1CDAE}.Debug|Any CPU.ActiveCfg = Debug|Any CPU
		{EEBF6448-7084-4FFE-8331-D3138AD1CDAE}.Debug|Any CPU.Build.0 = Debug|Any CPU
		{EEBF6448-7084-4FFE-8331-D3138AD1CDAE}.Debug|Any CPU.Deploy.0 = Debug|Any CPU
		{EEBF6448-7084-4FFE-8331-D3138AD1CDAE}.Debug|ARM.ActiveCfg = Debug|Any CPU
		{EEBF6448-7084-4FFE-8331-D3138AD1CDAE}.Debug|ARM.Build.0 = Debug|Any CPU
		{EEBF6448-7084-4FFE-8331-D3138AD1CDAE}.Debug|ARM.Deploy.0 = Debug|Any CPU
		{EEBF6448-7084-4FFE-8331-D3138AD1CDAE}.Debug|iPhone.ActiveCfg = Debug|Any CPU
		{EEBF6448-7084-4FFE-8331-D3138AD1CDAE}.Debug|iPhone.Build.0 = Debug|Any CPU
		{EEBF6448-7084-4FFE-8331-D3138AD1CDAE}.Debug|iPhone.Deploy.0 = Debug|Any CPU
		{EEBF6448-7084-4FFE-8331-D3138AD1CDAE}.Debug|iPhoneSimulator.ActiveCfg = Debug|Any CPU
		{EEBF6448-7084-4FFE-8331-D3138AD1CDAE}.Debug|iPhoneSimulator.Build.0 = Debug|Any CPU
		{EEBF6448-7084-4FFE-8331-D3138AD1CDAE}.Debug|iPhoneSimulator.Deploy.0 = Debug|Any CPU
		{EEBF6448-7084-4FFE-8331-D3138AD1CDAE}.Debug|x64.ActiveCfg = Debug|Any CPU
		{EEBF6448-7084-4FFE-8331-D3138AD1CDAE}.Debug|x64.Build.0 = Debug|Any CPU
		{EEBF6448-7084-4FFE-8331-D3138AD1CDAE}.Debug|x64.Deploy.0 = Debug|Any CPU
		{EEBF6448-7084-4FFE-8331-D3138AD1CDAE}.Debug|x86.ActiveCfg = Debug|Any CPU
		{EEBF6448-7084-4FFE-8331-D3138AD1CDAE}.Debug|x86.Build.0 = Debug|Any CPU
		{EEBF6448-7084-4FFE-8331-D3138AD1CDAE}.Debug|x86.Deploy.0 = Debug|Any CPU
		{EEBF6448-7084-4FFE-8331-D3138AD1CDAE}.Release|Any CPU.ActiveCfg = Release|Any CPU
		{EEBF6448-7084-4FFE-8331-D3138AD1CDAE}.Release|Any CPU.Build.0 = Release|Any CPU
		{EEBF6448-7084-4FFE-8331-D3138AD1CDAE}.Release|Any CPU.Deploy.0 = Release|Any CPU
		{EEBF6448-7084-4FFE-8331-D3138AD1CDAE}.Release|ARM.ActiveCfg = Release|Any CPU
		{EEBF6448-7084-4FFE-8331-D3138AD1CDAE}.Release|ARM.Build.0 = Release|Any CPU
		{EEBF6448-7084-4FFE-8331-D3138AD1CDAE}.Release|ARM.Deploy.0 = Release|Any CPU
		{EEBF6448-7084-4FFE-8331-D3138AD1CDAE}.Release|iPhone.ActiveCfg = Release|Any CPU
		{EEBF6448-7084-4FFE-8331-D3138AD1CDAE}.Release|iPhone.Build.0 = Release|Any CPU
		{EEBF6448-7084-4FFE-8331-D3138AD1CDAE}.Release|iPhone.Deploy.0 = Release|Any CPU
		{EEBF6448-7084-4FFE-8331-D3138AD1CDAE}.Release|iPhoneSimulator.ActiveCfg = Release|Any CPU
		{EEBF6448-7084-4FFE-8331-D3138AD1CDAE}.Release|iPhoneSimulator.Build.0 = Release|Any CPU
		{EEBF6448-7084-4FFE-8331-D3138AD1CDAE}.Release|iPhoneSimulator.Deploy.0 = Release|Any CPU
		{EEBF6448-7084-4FFE-8331-D3138AD1CDAE}.Release|x64.ActiveCfg = Release|Any CPU
		{EEBF6448-7084-4FFE-8331-D3138AD1CDAE}.Release|x64.Build.0 = Release|Any CPU
		{EEBF6448-7084-4FFE-8331-D3138AD1CDAE}.Release|x64.Deploy.0 = Release|Any CPU
		{EEBF6448-7084-4FFE-8331-D3138AD1CDAE}.Release|x86.ActiveCfg = Release|Any CPU
		{EEBF6448-7084-4FFE-8331-D3138AD1CDAE}.Release|x86.Build.0 = Release|Any CPU
		{EEBF6448-7084-4FFE-8331-D3138AD1CDAE}.Release|x86.Deploy.0 = Release|Any CPU
		{6F03A136-EB81-4F65-8443-228C0BECC1FD}.Ad-Hoc|Any CPU.ActiveCfg = Ad-Hoc|iPhone
		{6F03A136-EB81-4F65-8443-228C0BECC1FD}.Ad-Hoc|ARM.ActiveCfg = Ad-Hoc|iPhone
		{6F03A136-EB81-4F65-8443-228C0BECC1FD}.Ad-Hoc|iPhone.ActiveCfg = Ad-Hoc|iPhone
		{6F03A136-EB81-4F65-8443-228C0BECC1FD}.Ad-Hoc|iPhone.Build.0 = Ad-Hoc|iPhone
		{6F03A136-EB81-4F65-8443-228C0BECC1FD}.Ad-Hoc|iPhoneSimulator.ActiveCfg = Ad-Hoc|iPhoneSimulator
		{6F03A136-EB81-4F65-8443-228C0BECC1FD}.Ad-Hoc|iPhoneSimulator.Build.0 = Ad-Hoc|iPhoneSimulator
		{6F03A136-EB81-4F65-8443-228C0BECC1FD}.Ad-Hoc|x64.ActiveCfg = Ad-Hoc|iPhone
		{6F03A136-EB81-4F65-8443-228C0BECC1FD}.Ad-Hoc|x86.ActiveCfg = Ad-Hoc|iPhone
		{6F03A136-EB81-4F65-8443-228C0BECC1FD}.AppStore|Any CPU.ActiveCfg = AppStore|iPhone
		{6F03A136-EB81-4F65-8443-228C0BECC1FD}.AppStore|ARM.ActiveCfg = AppStore|iPhone
		{6F03A136-EB81-4F65-8443-228C0BECC1FD}.AppStore|iPhone.ActiveCfg = AppStore|iPhone
		{6F03A136-EB81-4F65-8443-228C0BECC1FD}.AppStore|iPhone.Build.0 = AppStore|iPhone
		{6F03A136-EB81-4F65-8443-228C0BECC1FD}.AppStore|iPhoneSimulator.ActiveCfg = AppStore|iPhoneSimulator
		{6F03A136-EB81-4F65-8443-228C0BECC1FD}.AppStore|iPhoneSimulator.Build.0 = AppStore|iPhoneSimulator
		{6F03A136-EB81-4F65-8443-228C0BECC1FD}.AppStore|x64.ActiveCfg = AppStore|iPhone
		{6F03A136-EB81-4F65-8443-228C0BECC1FD}.AppStore|x86.ActiveCfg = AppStore|iPhone
		{6F03A136-EB81-4F65-8443-228C0BECC1FD}.Debug|Any CPU.ActiveCfg = Debug|iPhone
		{6F03A136-EB81-4F65-8443-228C0BECC1FD}.Debug|ARM.ActiveCfg = Debug|iPhone
		{6F03A136-EB81-4F65-8443-228C0BECC1FD}.Debug|iPhone.ActiveCfg = Debug|iPhone
		{6F03A136-EB81-4F65-8443-228C0BECC1FD}.Debug|iPhone.Build.0 = Debug|iPhone
		{6F03A136-EB81-4F65-8443-228C0BECC1FD}.Debug|iPhoneSimulator.ActiveCfg = Debug|iPhoneSimulator
		{6F03A136-EB81-4F65-8443-228C0BECC1FD}.Debug|iPhoneSimulator.Build.0 = Debug|iPhoneSimulator
		{6F03A136-EB81-4F65-8443-228C0BECC1FD}.Debug|x64.ActiveCfg = Debug|iPhone
		{6F03A136-EB81-4F65-8443-228C0BECC1FD}.Debug|x86.ActiveCfg = Debug|iPhone
		{6F03A136-EB81-4F65-8443-228C0BECC1FD}.Release|Any CPU.ActiveCfg = Release|iPhone
		{6F03A136-EB81-4F65-8443-228C0BECC1FD}.Release|ARM.ActiveCfg = Release|iPhone
		{6F03A136-EB81-4F65-8443-228C0BECC1FD}.Release|iPhone.ActiveCfg = Release|iPhone
		{6F03A136-EB81-4F65-8443-228C0BECC1FD}.Release|iPhone.Build.0 = Release|iPhone
		{6F03A136-EB81-4F65-8443-228C0BECC1FD}.Release|iPhoneSimulator.ActiveCfg = Release|iPhoneSimulator
		{6F03A136-EB81-4F65-8443-228C0BECC1FD}.Release|iPhoneSimulator.Build.0 = Release|iPhoneSimulator
		{6F03A136-EB81-4F65-8443-228C0BECC1FD}.Release|x64.ActiveCfg = Release|iPhone
		{6F03A136-EB81-4F65-8443-228C0BECC1FD}.Release|x86.ActiveCfg = Release|iPhone
		{272CFBB9-9954-4643-A15E-6B606D9BB0AC}.Ad-Hoc|Any CPU.ActiveCfg = Debug|Any CPU
		{272CFBB9-9954-4643-A15E-6B606D9BB0AC}.Ad-Hoc|Any CPU.Build.0 = Debug|Any CPU
		{272CFBB9-9954-4643-A15E-6B606D9BB0AC}.Ad-Hoc|ARM.ActiveCfg = Debug|Any CPU
		{272CFBB9-9954-4643-A15E-6B606D9BB0AC}.Ad-Hoc|ARM.Build.0 = Debug|Any CPU
		{272CFBB9-9954-4643-A15E-6B606D9BB0AC}.Ad-Hoc|iPhone.ActiveCfg = Debug|Any CPU
		{272CFBB9-9954-4643-A15E-6B606D9BB0AC}.Ad-Hoc|iPhone.Build.0 = Debug|Any CPU
		{272CFBB9-9954-4643-A15E-6B606D9BB0AC}.Ad-Hoc|iPhoneSimulator.ActiveCfg = Debug|Any CPU
		{272CFBB9-9954-4643-A15E-6B606D9BB0AC}.Ad-Hoc|iPhoneSimulator.Build.0 = Debug|Any CPU
		{272CFBB9-9954-4643-A15E-6B606D9BB0AC}.Ad-Hoc|x64.ActiveCfg = Debug|Any CPU
		{272CFBB9-9954-4643-A15E-6B606D9BB0AC}.Ad-Hoc|x64.Build.0 = Debug|Any CPU
		{272CFBB9-9954-4643-A15E-6B606D9BB0AC}.Ad-Hoc|x86.ActiveCfg = Debug|Any CPU
		{272CFBB9-9954-4643-A15E-6B606D9BB0AC}.Ad-Hoc|x86.Build.0 = Debug|Any CPU
		{272CFBB9-9954-4643-A15E-6B606D9BB0AC}.AppStore|Any CPU.ActiveCfg = Debug|Any CPU
		{272CFBB9-9954-4643-A15E-6B606D9BB0AC}.AppStore|Any CPU.Build.0 = Debug|Any CPU
		{272CFBB9-9954-4643-A15E-6B606D9BB0AC}.AppStore|ARM.ActiveCfg = Debug|Any CPU
		{272CFBB9-9954-4643-A15E-6B606D9BB0AC}.AppStore|ARM.Build.0 = Debug|Any CPU
		{272CFBB9-9954-4643-A15E-6B606D9BB0AC}.AppStore|iPhone.ActiveCfg = Debug|Any CPU
		{272CFBB9-9954-4643-A15E-6B606D9BB0AC}.AppStore|iPhone.Build.0 = Debug|Any CPU
		{272CFBB9-9954-4643-A15E-6B606D9BB0AC}.AppStore|iPhoneSimulator.ActiveCfg = Debug|Any CPU
		{272CFBB9-9954-4643-A15E-6B606D9BB0AC}.AppStore|iPhoneSimulator.Build.0 = Debug|Any CPU
		{272CFBB9-9954-4643-A15E-6B606D9BB0AC}.AppStore|x64.ActiveCfg = Debug|Any CPU
		{272CFBB9-9954-4643-A15E-6B606D9BB0AC}.AppStore|x64.Build.0 = Debug|Any CPU
		{272CFBB9-9954-4643-A15E-6B606D9BB0AC}.AppStore|x86.ActiveCfg = Debug|Any CPU
		{272CFBB9-9954-4643-A15E-6B606D9BB0AC}.AppStore|x86.Build.0 = Debug|Any CPU
		{272CFBB9-9954-4643-A15E-6B606D9BB0AC}.Debug|Any CPU.ActiveCfg = Debug|Any CPU
		{272CFBB9-9954-4643-A15E-6B606D9BB0AC}.Debug|Any CPU.Build.0 = Debug|Any CPU
		{272CFBB9-9954-4643-A15E-6B606D9BB0AC}.Debug|ARM.ActiveCfg = Debug|Any CPU
		{272CFBB9-9954-4643-A15E-6B606D9BB0AC}.Debug|ARM.Build.0 = Debug|Any CPU
		{272CFBB9-9954-4643-A15E-6B606D9BB0AC}.Debug|iPhone.ActiveCfg = Debug|Any CPU
		{272CFBB9-9954-4643-A15E-6B606D9BB0AC}.Debug|iPhone.Build.0 = Debug|Any CPU
		{272CFBB9-9954-4643-A15E-6B606D9BB0AC}.Debug|iPhoneSimulator.ActiveCfg = Debug|Any CPU
		{272CFBB9-9954-4643-A15E-6B606D9BB0AC}.Debug|iPhoneSimulator.Build.0 = Debug|Any CPU
		{272CFBB9-9954-4643-A15E-6B606D9BB0AC}.Debug|x64.ActiveCfg = Debug|Any CPU
		{272CFBB9-9954-4643-A15E-6B606D9BB0AC}.Debug|x64.Build.0 = Debug|Any CPU
		{272CFBB9-9954-4643-A15E-6B606D9BB0AC}.Debug|x86.ActiveCfg = Debug|Any CPU
		{272CFBB9-9954-4643-A15E-6B606D9BB0AC}.Debug|x86.Build.0 = Debug|Any CPU
		{272CFBB9-9954-4643-A15E-6B606D9BB0AC}.Release|Any CPU.ActiveCfg = Release|Any CPU
		{272CFBB9-9954-4643-A15E-6B606D9BB0AC}.Release|Any CPU.Build.0 = Release|Any CPU
		{272CFBB9-9954-4643-A15E-6B606D9BB0AC}.Release|ARM.ActiveCfg = Release|Any CPU
		{272CFBB9-9954-4643-A15E-6B606D9BB0AC}.Release|ARM.Build.0 = Release|Any CPU
		{272CFBB9-9954-4643-A15E-6B606D9BB0AC}.Release|iPhone.ActiveCfg = Release|Any CPU
		{272CFBB9-9954-4643-A15E-6B606D9BB0AC}.Release|iPhone.Build.0 = Release|Any CPU
		{272CFBB9-9954-4643-A15E-6B606D9BB0AC}.Release|iPhoneSimulator.ActiveCfg = Release|Any CPU
		{272CFBB9-9954-4643-A15E-6B606D9BB0AC}.Release|iPhoneSimulator.Build.0 = Release|Any CPU
		{272CFBB9-9954-4643-A15E-6B606D9BB0AC}.Release|x64.ActiveCfg = Release|Any CPU
		{272CFBB9-9954-4643-A15E-6B606D9BB0AC}.Release|x64.Build.0 = Release|Any CPU
		{272CFBB9-9954-4643-A15E-6B606D9BB0AC}.Release|x86.ActiveCfg = Release|Any CPU
		{272CFBB9-9954-4643-A15E-6B606D9BB0AC}.Release|x86.Build.0 = Release|Any CPU
	EndGlobalSection
	GlobalSection(SolutionProperties) = preSolution
		HideSolutionNode = FALSE
	EndGlobalSection
	GlobalSection(ExtensibilityGlobals) = postSolution
		SolutionGuid = {4F2A671A-4A49-45CE-A65E-8B4444D7764F}
	EndGlobalSection
EndGlobal
